
Microsoft Visual Studio Solution File, Format Version 12.00
# Visual Studio 2013
VisualStudioVersion = 12.0.21005.1
MinimumVisualStudioVersion = 10.0.40219.1
Project("{FAE04EC0-301F-11D3-BF4B-00C04F79EFBC}") = "SampleApi", "SampleApi\SampleApi.csproj", "{60293015-CBD4-4F1D-BE6A-B863ACE57D22}"
EndProject
Project("{FAE04EC0-301F-11D3-BF4B-00C04F79EFBC}") = "BookService", "BookService\BookService.csproj", "{A13C4EF8-A023-480E-A971-639254643AFF}"
EndProject
Global
	GlobalSection(SolutionConfigurationPlatforms) = preSolution
		Debug|Any CPU = Debug|Any CPU
		Release|Any CPU = Release|Any CPU
	EndGlobalSection
	GlobalSection(ProjectConfigurationPlatforms) = postSolution
		{60293015-CBD4-4F1D-BE6A-B863ACE57D22}.Debug|Any CPU.ActiveCfg = Debug|Any CPU
		{60293015-CBD4-4F1D-BE6A-B863ACE57D22}.Debug|Any CPU.Build.0 = Debug|Any CPU
		{60293015-CBD4-4F1D-BE6A-B863ACE57D22}.Release|Any CPU.ActiveCfg = Release|Any CPU
		{60293015-CBD4-4F1D-BE6A-B863ACE57D22}.Release|Any CPU.Build.0 = Release|Any CPU
		{A13C4EF8-A023-480E-A971-639254643AFF}.Debug|Any CPU.ActiveCfg = Debug|Any CPU
		{A13C4EF8-A023-480E-A971-639254643AFF}.Debug|Any CPU.Build.0 = Debug|Any CPU
		{A13C4EF8-A023-480E-A971-639254643AFF}.Release|Any CPU.ActiveCfg = Release|Any CPU
		{A13C4EF8-A023-480E-A971-639254643AFF}.Release|Any CPU.Build.0 = Release|Any CPU
	EndGlobalSection
	GlobalSection(SolutionProperties) = preSolution
		HideSolutionNode = FALSE
	EndGlobalSection
EndGlobal
